
Microsoft Visual Studio Solution File, Format Version 12.00
# Visual Studio Version 16
VisualStudioVersion = 16.0.31702.278
MinimumVisualStudioVersion = 10.0.40219.1
Project("{FAE04EC0-301F-11D3-BF4B-00C04F79EFBC}") = "FizzBuzz", "FizzBuzz\FizzBuzz.csproj", "{C6F7C8A9-1A32-4FDC-AEA2-07F716A62C1E}"
EndProject
Project("{FAE04EC0-301F-11D3-BF4B-00C04F79EFBC}") = "FizzBuzzKata", "ClassLibrary1\FizzBuzzKata.csproj", "{CDE34D45-B486-478C-9172-46484AC4B987}"
EndProject
Global
	GlobalSection(SolutionConfigurationPlatforms) = preSolution
		Debug|Any CPU = Debug|Any CPU
		Release|Any CPU = Release|Any CPU
	EndGlobalSection
	GlobalSection(ProjectConfigurationPlatforms) = postSolution
		{C6F7C8A9-1A32-4FDC-AEA2-07F716A62C1E}.Debug|Any CPU.ActiveCfg = Debug|Any CPU
		{C6F7C8A9-1A32-4FDC-AEA2-07F716A62C1E}.Debug|Any CPU.Build.0 = Debug|Any CPU
		{C6F7C8A9-1A32-4FDC-AEA2-07F716A62C1E}.Release|Any CPU.ActiveCfg = Release|Any CPU
		{C6F7C8A9-1A32-4FDC-AEA2-07F716A62C1E}.Release|Any CPU.Build.0 = Release|Any CPU
		{CDE34D45-B486-478C-9172-46484AC4B987}.Debug|Any CPU.ActiveCfg = Debug|Any CPU
		{CDE34D45-B486-478C-9172-46484AC4B987}.Debug|Any CPU.Build.0 = Debug|Any CPU
		{CDE34D45-B486-478C-9172-46484AC4B987}.Release|Any CPU.ActiveCfg = Release|Any CPU
		{CDE34D45-B486-478C-9172-46484AC4B987}.Release|Any CPU.Build.0 = Release|Any CPU
	EndGlobalSection
	GlobalSection(SolutionProperties) = preSolution
		HideSolutionNode = FALSE
	EndGlobalSection
	GlobalSection(ExtensibilityGlobals) = postSolution
		SolutionGuid = {04E2AC06-39A7-4995-B220-5A7ADF12DD47}
	EndGlobalSection
EndGlobal
